
Microsoft Visual Studio Solution File, Format Version 12.00
# Visual Studio Version 16
VisualStudioVersion = 25.0.1706.0
MinimumVisualStudioVersion = 10.0.40219.1
Project("{FAE04EC0-301F-11D3-BF4B-00C04F79EFBC}") = "bitWise", "bitWise\bitWise.csproj", "{EECCAB99-60F2-4FC0-A748-D76F625B4F05}"
EndProject
Global
	GlobalSection(SolutionConfigurationPlatforms) = preSolution
		Debug|Any CPU = Debug|Any CPU
		Release|Any CPU = Release|Any CPU
	EndGlobalSection
	GlobalSection(ProjectConfigurationPlatforms) = postSolution
		{EECCAB99-60F2-4FC0-A748-D76F625B4F05}.Debug|Any CPU.ActiveCfg = Debug|Any CPU
		{EECCAB99-60F2-4FC0-A748-D76F625B4F05}.Debug|Any CPU.Build.0 = Debug|Any CPU
		{EECCAB99-60F2-4FC0-A748-D76F625B4F05}.Release|Any CPU.ActiveCfg = Release|Any CPU
		{EECCAB99-60F2-4FC0-A748-D76F625B4F05}.Release|Any CPU.Build.0 = Release|Any CPU
	EndGlobalSection
	GlobalSection(SolutionProperties) = preSolution
		HideSolutionNode = FALSE
	EndGlobalSection
	GlobalSection(ExtensibilityGlobals) = postSolution
		SolutionGuid = {26F13030-EE02-4D21-B3EB-34BD481F85B6}
	EndGlobalSection
EndGlobal
